
Microsoft Visual Studio Solution File, Format Version 12.00
# Visual Studio Version 16
VisualStudioVersion = 16.0.31005.135
MinimumVisualStudioVersion = 10.0.40219.1
Project("{FAE04EC0-301F-11D3-BF4B-00C04F79EFBC}") = "Learning", "Learning\Learning.csproj", "{28DB87E0-752F-4E4A-81AC-93138D9E0189}"
EndProject
Project("{9A19103F-16F7-4668-BE54-9A1E7A4F7556}") = "FormsLearn", "FormsLearn\FormsLearn.csproj", "{3FEEB604-CC54-40A6-8B04-FB4561F354EC}"
EndProject
Project("{FAE04EC0-301F-11D3-BF4B-00C04F79EFBC}") = "Test1", "Test1\Test1.csproj", "{594DA5F1-6B5F-4956-8891-F5BD784647E3}"
EndProject
Project("{FAE04EC0-301F-11D3-BF4B-00C04F79EFBC}") = "Practice", "Practice\Practice.csproj", "{6920B50E-3AE7-4485-9F49-3C03107BB161}"
EndProject
Project("{FAE04EC0-301F-11D3-BF4B-00C04F79EFBC}") = "Practice2", "Practice2\Practice2.csproj", "{EAC4C272-D410-4E08-8F89-8C2C544D9274}"
EndProject
Project("{FAE04EC0-301F-11D3-BF4B-00C04F79EFBC}") = "GettersSetters", "GettersSetters\GettersSetters.csproj", "{EC19CBC3-A637-4704-A716-A0232AA5D8F4}"
EndProject
Global
	GlobalSection(SolutionConfigurationPlatforms) = preSolution
		Debug|Any CPU = Debug|Any CPU
		Release|Any CPU = Release|Any CPU
	EndGlobalSection
	GlobalSection(ProjectConfigurationPlatforms) = postSolution
		{28DB87E0-752F-4E4A-81AC-93138D9E0189}.Debug|Any CPU.ActiveCfg = Debug|Any CPU
		{28DB87E0-752F-4E4A-81AC-93138D9E0189}.Debug|Any CPU.Build.0 = Debug|Any CPU
		{28DB87E0-752F-4E4A-81AC-93138D9E0189}.Release|Any CPU.ActiveCfg = Release|Any CPU
		{28DB87E0-752F-4E4A-81AC-93138D9E0189}.Release|Any CPU.Build.0 = Release|Any CPU
		{3FEEB604-CC54-40A6-8B04-FB4561F354EC}.Debug|Any CPU.ActiveCfg = Debug|Any CPU
		{3FEEB604-CC54-40A6-8B04-FB4561F354EC}.Debug|Any CPU.Build.0 = Debug|Any CPU
		{3FEEB604-CC54-40A6-8B04-FB4561F354EC}.Release|Any CPU.ActiveCfg = Release|Any CPU
		{3FEEB604-CC54-40A6-8B04-FB4561F354EC}.Release|Any CPU.Build.0 = Release|Any CPU
		{594DA5F1-6B5F-4956-8891-F5BD784647E3}.Debug|Any CPU.ActiveCfg = Debug|Any CPU
		{594DA5F1-6B5F-4956-8891-F5BD784647E3}.Debug|Any CPU.Build.0 = Debug|Any CPU
		{594DA5F1-6B5F-4956-8891-F5BD784647E3}.Release|Any CPU.ActiveCfg = Release|Any CPU
		{594DA5F1-6B5F-4956-8891-F5BD784647E3}.Release|Any CPU.Build.0 = Release|Any CPU
		{6920B50E-3AE7-4485-9F49-3C03107BB161}.Debug|Any CPU.ActiveCfg = Debug|Any CPU
		{6920B50E-3AE7-4485-9F49-3C03107BB161}.Debug|Any CPU.Build.0 = Debug|Any CPU
		{6920B50E-3AE7-4485-9F49-3C03107BB161}.Release|Any CPU.ActiveCfg = Release|Any CPU
		{6920B50E-3AE7-4485-9F49-3C03107BB161}.Release|Any CPU.Build.0 = Release|Any CPU
		{EAC4C272-D410-4E08-8F89-8C2C544D9274}.Debug|Any CPU.ActiveCfg = Debug|Any CPU
		{EAC4C272-D410-4E08-8F89-8C2C544D9274}.Debug|Any CPU.Build.0 = Debug|Any CPU
		{EAC4C272-D410-4E08-8F89-8C2C544D9274}.Release|Any CPU.ActiveCfg = Release|Any CPU
		{EAC4C272-D410-4E08-8F89-8C2C544D9274}.Release|Any CPU.Build.0 = Release|Any CPU
		{EC19CBC3-A637-4704-A716-A0232AA5D8F4}.Debug|Any CPU.ActiveCfg = Debug|Any CPU
		{EC19CBC3-A637-4704-A716-A0232AA5D8F4}.Debug|Any CPU.Build.0 = Debug|Any CPU
		{EC19CBC3-A637-4704-A716-A0232AA5D8F4}.Release|Any CPU.ActiveCfg = Release|Any CPU
		{EC19CBC3-A637-4704-A716-A0232AA5D8F4}.Release|Any CPU.Build.0 = Release|Any CPU
	EndGlobalSection
	GlobalSection(SolutionProperties) = preSolution
		HideSolutionNode = FALSE
	EndGlobalSection
	GlobalSection(ExtensibilityGlobals) = postSolution
		SolutionGuid = {68AC4229-C81E-473E-BC68-19A25EEA842B}
	EndGlobalSection
EndGlobal
